
Microsoft Visual Studio Solution File, Format Version 12.00
# Visual Studio Version 17
VisualStudioVersion = 17.3.32825.248
MinimumVisualStudioVersion = 10.0.40219.1
Project("{2150E333-8FDC-42A3-9474-1A3956D46DE8}") = "Frontend", "Frontend", "{05241847-ECAF-42A1-B48B-066CF6723175}"
EndProject
Project("{9A19103F-16F7-4668-BE54-9A1E7A4F7556}") = "Store.Web", "Store.Web\Store.Web.csproj", "{0B582809-1A03-4DA7-A50F-FD8EE6592D33}"
EndProject
Project("{2150E333-8FDC-42A3-9474-1A3956D46DE8}") = "Services", "Services", "{A7B6947B-810E-47EB-80FD-05393F77717B}"
EndProject
Project("{9A19103F-16F7-4668-BE54-9A1E7A4F7556}") = "Store.Services.ProductAPI", "Store.Services.ProductAPI\Store.Services.ProductAPI.csproj", "{493E34BA-8AD4-453E-BCAE-62D7660F2A5E}"
EndProject
Project("{9A19103F-16F7-4668-BE54-9A1E7A4F7556}") = "Store.Services.Identity", "Store.Services.Identity\Store.Services.Identity.csproj", "{D198B60D-2658-4846-8675-F716FBBD3029}"
EndProject
Project("{FAE04EC0-301F-11D3-BF4B-00C04F79EFBC}") = "Store.Services.ShoppingCartAPI", "Store.Services.ShoppingCartAPI\Store.Services.ShoppingCartAPI.csproj", "{FCBD4C2C-D4E9-4709-A8B9-2684E27F76E8}"
EndProject
Global
	GlobalSection(SolutionConfigurationPlatforms) = preSolution
		Debug|Any CPU = Debug|Any CPU
		Release|Any CPU = Release|Any CPU
	EndGlobalSection
	GlobalSection(ProjectConfigurationPlatforms) = postSolution
		{0B582809-1A03-4DA7-A50F-FD8EE6592D33}.Debug|Any CPU.ActiveCfg = Debug|Any CPU
		{0B582809-1A03-4DA7-A50F-FD8EE6592D33}.Debug|Any CPU.Build.0 = Debug|Any CPU
		{0B582809-1A03-4DA7-A50F-FD8EE6592D33}.Release|Any CPU.ActiveCfg = Release|Any CPU
		{0B582809-1A03-4DA7-A50F-FD8EE6592D33}.Release|Any CPU.Build.0 = Release|Any CPU
		{493E34BA-8AD4-453E-BCAE-62D7660F2A5E}.Debug|Any CPU.ActiveCfg = Debug|Any CPU
		{493E34BA-8AD4-453E-BCAE-62D7660F2A5E}.Debug|Any CPU.Build.0 = Debug|Any CPU
		{493E34BA-8AD4-453E-BCAE-62D7660F2A5E}.Release|Any CPU.ActiveCfg = Release|Any CPU
		{493E34BA-8AD4-453E-BCAE-62D7660F2A5E}.Release|Any CPU.Build.0 = Release|Any CPU
		{D198B60D-2658-4846-8675-F716FBBD3029}.Debug|Any CPU.ActiveCfg = Debug|Any CPU
		{D198B60D-2658-4846-8675-F716FBBD3029}.Debug|Any CPU.Build.0 = Debug|Any CPU
		{D198B60D-2658-4846-8675-F716FBBD3029}.Release|Any CPU.ActiveCfg = Release|Any CPU
		{D198B60D-2658-4846-8675-F716FBBD3029}.Release|Any CPU.Build.0 = Release|Any CPU
		{FCBD4C2C-D4E9-4709-A8B9-2684E27F76E8}.Debug|Any CPU.ActiveCfg = Debug|Any CPU
		{FCBD4C2C-D4E9-4709-A8B9-2684E27F76E8}.Debug|Any CPU.Build.0 = Debug|Any CPU
		{FCBD4C2C-D4E9-4709-A8B9-2684E27F76E8}.Release|Any CPU.ActiveCfg = Release|Any CPU
		{FCBD4C2C-D4E9-4709-A8B9-2684E27F76E8}.Release|Any CPU.Build.0 = Release|Any CPU
	EndGlobalSection
	GlobalSection(SolutionProperties) = preSolution
		HideSolutionNode = FALSE
	EndGlobalSection
	GlobalSection(NestedProjects) = preSolution
		{0B582809-1A03-4DA7-A50F-FD8EE6592D33} = {05241847-ECAF-42A1-B48B-066CF6723175}
		{493E34BA-8AD4-453E-BCAE-62D7660F2A5E} = {A7B6947B-810E-47EB-80FD-05393F77717B}
		{D198B60D-2658-4846-8675-F716FBBD3029} = {A7B6947B-810E-47EB-80FD-05393F77717B}
		{FCBD4C2C-D4E9-4709-A8B9-2684E27F76E8} = {A7B6947B-810E-47EB-80FD-05393F77717B}
	EndGlobalSection
	GlobalSection(ExtensibilityGlobals) = postSolution
		SolutionGuid = {8E09B36C-7835-4710-BC5F-2D672E8A6DE1}
	EndGlobalSection
EndGlobal
